
Microsoft Visual Studio Solution File, Format Version 12.00
# Visual Studio Version 17
VisualStudioVersion = 17.5.002.0
MinimumVisualStudioVersion = 10.0.40219.1
Project("{2150E333-8FDC-42A3-9474-1A3956D46DE8}") = "csharp-prep", "csharp-prep", "{3987321F-72AF-4A2E-848F-8B702FB79A48}"
EndProject
Project("{9A19103F-16F7-4668-BE54-9A1E7A4F7556}") = "Prep1", "csharp-prep\Prep1\Prep1.csproj", "{6F1E993B-24C9-45DF-8823-65B01E574004}"
EndProject
Project("{9A19103F-16F7-4668-BE54-9A1E7A4F7556}") = "Prep2", "csharp-prep\Prep2\Prep2.csproj", "{A6EAAEEC-CED3-4E86-B5D1-9F59EF493210}"
EndProject
Project("{9A19103F-16F7-4668-BE54-9A1E7A4F7556}") = "Prep3", "csharp-prep\Prep3\Prep3.csproj", "{C93D64A0-52ED-40AA-A1C9-D7D1B70FEB48}"
EndProject
Project("{9A19103F-16F7-4668-BE54-9A1E7A4F7556}") = "Prep4", "csharp-prep\Prep4\Prep4.csproj", "{93EBDA3A-C751-4CA3-AFB1-9795D8D14445}"
EndProject
Project("{9A19103F-16F7-4668-BE54-9A1E7A4F7556}") = "Prep5", "csharp-prep\Prep5\Prep5.csproj", "{A59DC6A8-F7B1-4778-BA0E-7DC7D1E6DAAD}"
EndProject
Project("{2150E333-8FDC-42A3-9474-1A3956D46DE8}") = "final", "final", "{289F77C5-2897-461F-A4A3-F48D0C2A0EE8}"
EndProject
Project("{9A19103F-16F7-4668-BE54-9A1E7A4F7556}") = "FinalProject", "final\FinalProject\FinalProject.csproj", "{FB70CF15-6E01-47AB-ABF5-96221611A1C1}"
EndProject
Project("{9A19103F-16F7-4668-BE54-9A1E7A4F7556}") = "Foundation1", "final\Foundation1\Foundation1.csproj", "{9BD92A08-A4F6-453F-B8C7-E838F17FDC2B}"
EndProject
Project("{9A19103F-16F7-4668-BE54-9A1E7A4F7556}") = "Foundation2", "final\Foundation2\Foundation2.csproj", "{4E78EE3B-5177-404F-9492-D094F152E7BE}"
EndProject
Project("{9A19103F-16F7-4668-BE54-9A1E7A4F7556}") = "Foundation3", "final\Foundation3\Foundation3.csproj", "{7F302653-345F-4B39-9761-BD234E51F4A8}"
EndProject
Project("{9A19103F-16F7-4668-BE54-9A1E7A4F7556}") = "Foundation4", "final\Foundation4\Foundation4.csproj", "{85FFC56D-47F0-48C9-8735-89DD62553D3B}"
EndProject
Project("{2150E333-8FDC-42A3-9474-1A3956D46DE8}") = "prepare", "prepare", "{88BD715A-1542-43B8-B9B0-B4A95F0FABC1}"
EndProject
Project("{9A19103F-16F7-4668-BE54-9A1E7A4F7556}") = "Learning02", "prepare\Learning02\Learning02.csproj", "{192EC980-FB29-48D5-B97C-DB1B38E112C5}"
EndProject
Project("{9A19103F-16F7-4668-BE54-9A1E7A4F7556}") = "Learning03", "prepare\Learning03\Learning03.csproj", "{91C6CFD6-70E4-4B32-AE84-5944AC5449BE}"
EndProject
Project("{9A19103F-16F7-4668-BE54-9A1E7A4F7556}") = "Learning04", "prepare\Learning04\Learning04.csproj", "{1461F339-A938-4CE4-A51A-0C9C5743A941}"
EndProject
Project("{9A19103F-16F7-4668-BE54-9A1E7A4F7556}") = "Learning05", "prepare\Learning05\Learning05.csproj", "{20A68EFC-D8A5-4DD2-8E44-B85E0950E353}"
EndProject
Project("{2150E333-8FDC-42A3-9474-1A3956D46DE8}") = "prove", "prove", "{62B6AB70-1717-4447-ACE9-22AE127C1C58}"
EndProject
Project("{9A19103F-16F7-4668-BE54-9A1E7A4F7556}") = "Develop02", "prove\Develop02\Develop02.csproj", "{7D359327-9225-4F30-AAFB-205B47319014}"
EndProject
Project("{9A19103F-16F7-4668-BE54-9A1E7A4F7556}") = "Develop03", "prove\Develop03\Develop03.csproj", "{86604F2E-537F-4D45-862D-ED5E75E6C493}"
EndProject
Project("{9A19103F-16F7-4668-BE54-9A1E7A4F7556}") = "Develop04", "prove\Develop04\Develop04.csproj", "{1AFD05F9-05D1-4F54-90D3-986E231F887C}"
EndProject
Project("{9A19103F-16F7-4668-BE54-9A1E7A4F7556}") = "Develop05", "prove\Develop05\Develop05.csproj", "{1A7453AF-01F8-41A5-801A-99A50C8E7995}"
EndProject
Project("{2150E333-8FDC-42A3-9474-1A3956D46DE8}") = "sandbox", "sandbox", "{D627E0C5-A1D0-4A5F-A2AD-D227873A0782}"
EndProject
Project("{9A19103F-16F7-4668-BE54-9A1E7A4F7556}") = "Sandbox", "sandbox\Sandbox\Sandbox.csproj", "{BB378CA6-31E5-4EEA-B46F-22E38BF52970}"
EndProject
Global
	GlobalSection(SolutionConfigurationPlatforms) = preSolution
		Debug|Any CPU = Debug|Any CPU
		Release|Any CPU = Release|Any CPU
	EndGlobalSection
	GlobalSection(ProjectConfigurationPlatforms) = postSolution
		{6F1E993B-24C9-45DF-8823-65B01E574004}.Debug|Any CPU.ActiveCfg = Debug|Any CPU
		{6F1E993B-24C9-45DF-8823-65B01E574004}.Debug|Any CPU.Build.0 = Debug|Any CPU
		{6F1E993B-24C9-45DF-8823-65B01E574004}.Release|Any CPU.ActiveCfg = Release|Any CPU
		{6F1E993B-24C9-45DF-8823-65B01E574004}.Release|Any CPU.Build.0 = Release|Any CPU
		{A6EAAEEC-CED3-4E86-B5D1-9F59EF493210}.Debug|Any CPU.ActiveCfg = Debug|Any CPU
		{A6EAAEEC-CED3-4E86-B5D1-9F59EF493210}.Debug|Any CPU.Build.0 = Debug|Any CPU
		{A6EAAEEC-CED3-4E86-B5D1-9F59EF493210}.Release|Any CPU.ActiveCfg = Release|Any CPU
		{A6EAAEEC-CED3-4E86-B5D1-9F59EF493210}.Release|Any CPU.Build.0 = Release|Any CPU
		{C93D64A0-52ED-40AA-A1C9-D7D1B70FEB48}.Debug|Any CPU.ActiveCfg = Debug|Any CPU
		{C93D64A0-52ED-40AA-A1C9-D7D1B70FEB48}.Debug|Any CPU.Build.0 = Debug|Any CPU
		{C93D64A0-52ED-40AA-A1C9-D7D1B70FEB48}.Release|Any CPU.ActiveCfg = Release|Any CPU
		{C93D64A0-52ED-40AA-A1C9-D7D1B70FEB48}.Release|Any CPU.Build.0 = Release|Any CPU
		{93EBDA3A-C751-4CA3-AFB1-9795D8D14445}.Debug|Any CPU.ActiveCfg = Debug|Any CPU
		{93EBDA3A-C751-4CA3-AFB1-9795D8D14445}.Debug|Any CPU.Build.0 = Debug|Any CPU
		{93EBDA3A-C751-4CA3-AFB1-9795D8D14445}.Release|Any CPU.ActiveCfg = Release|Any CPU
		{93EBDA3A-C751-4CA3-AFB1-9795D8D14445}.Release|Any CPU.Build.0 = Release|Any CPU
		{A59DC6A8-F7B1-4778-BA0E-7DC7D1E6DAAD}.Debug|Any CPU.ActiveCfg = Debug|Any CPU
		{A59DC6A8-F7B1-4778-BA0E-7DC7D1E6DAAD}.Debug|Any CPU.Build.0 = Debug|Any CPU
		{A59DC6A8-F7B1-4778-BA0E-7DC7D1E6DAAD}.Release|Any CPU.ActiveCfg = Release|Any CPU
		{A59DC6A8-F7B1-4778-BA0E-7DC7D1E6DAAD}.Release|Any CPU.Build.0 = Release|Any CPU
		{FB70CF15-6E01-47AB-ABF5-96221611A1C1}.Debug|Any CPU.ActiveCfg = Debug|Any CPU
		{FB70CF15-6E01-47AB-ABF5-96221611A1C1}.Debug|Any CPU.Build.0 = Debug|Any CPU
		{FB70CF15-6E01-47AB-ABF5-96221611A1C1}.Release|Any CPU.ActiveCfg = Release|Any CPU
		{FB70CF15-6E01-47AB-ABF5-96221611A1C1}.Release|Any CPU.Build.0 = Release|Any CPU
		{9BD92A08-A4F6-453F-B8C7-E838F17FDC2B}.Debug|Any CPU.ActiveCfg = Debug|Any CPU
		{9BD92A08-A4F6-453F-B8C7-E838F17FDC2B}.Debug|Any CPU.Build.0 = Debug|Any CPU
		{9BD92A08-A4F6-453F-B8C7-E838F17FDC2B}.Release|Any CPU.ActiveCfg = Release|Any CPU
		{9BD92A08-A4F6-453F-B8C7-E838F17FDC2B}.Release|Any CPU.Build.0 = Release|Any CPU
		{4E78EE3B-5177-404F-9492-D094F152E7BE}.Debug|Any CPU.ActiveCfg = Debug|Any CPU
		{4E78EE3B-5177-404F-9492-D094F152E7BE}.Debug|Any CPU.Build.0 = Debug|Any CPU
		{4E78EE3B-5177-404F-9492-D094F152E7BE}.Release|Any CPU.ActiveCfg = Release|Any CPU
		{4E78EE3B-5177-404F-9492-D094F152E7BE}.Release|Any CPU.Build.0 = Release|Any CPU
		{7F302653-345F-4B39-9761-BD234E51F4A8}.Debug|Any CPU.ActiveCfg = Debug|Any CPU
		{7F302653-345F-4B39-9761-BD234E51F4A8}.Debug|Any CPU.Build.0 = Debug|Any CPU
		{7F302653-345F-4B39-9761-BD234E51F4A8}.Release|Any CPU.ActiveCfg = Release|Any CPU
		{7F302653-345F-4B39-9761-BD234E51F4A8}.Release|Any CPU.Build.0 = Release|Any CPU
		{85FFC56D-47F0-48C9-8735-89DD62553D3B}.Debug|Any CPU.ActiveCfg = Debug|Any CPU
		{85FFC56D-47F0-48C9-8735-89DD62553D3B}.Debug|Any CPU.Build.0 = Debug|Any CPU
		{85FFC56D-47F0-48C9-8735-89DD62553D3B}.Release|Any CPU.ActiveCfg = Release|Any CPU
		{85FFC56D-47F0-48C9-8735-89DD62553D3B}.Release|Any CPU.Build.0 = Release|Any CPU
		{192EC980-FB29-48D5-B97C-DB1B38E112C5}.Debug|Any CPU.ActiveCfg = Debug|Any CPU
		{192EC980-FB29-48D5-B97C-DB1B38E112C5}.Debug|Any CPU.Build.0 = Debug|Any CPU
		{192EC980-FB29-48D5-B97C-DB1B38E112C5}.Release|Any CPU.ActiveCfg = Release|Any CPU
		{192EC980-FB29-48D5-B97C-DB1B38E112C5}.Release|Any CPU.Build.0 = Release|Any CPU
		{91C6CFD6-70E4-4B32-AE84-5944AC5449BE}.Debug|Any CPU.ActiveCfg = Debug|Any CPU
		{91C6CFD6-70E4-4B32-AE84-5944AC5449BE}.Debug|Any CPU.Build.0 = Debug|Any CPU
		{91C6CFD6-70E4-4B32-AE84-5944AC5449BE}.Release|Any CPU.ActiveCfg = Release|Any CPU
		{91C6CFD6-70E4-4B32-AE84-5944AC5449BE}.Release|Any CPU.Build.0 = Release|Any CPU
		{1461F339-A938-4CE4-A51A-0C9C5743A941}.Debug|Any CPU.ActiveCfg = Debug|Any CPU
		{1461F339-A938-4CE4-A51A-0C9C5743A941}.Debug|Any CPU.Build.0 = Debug|Any CPU
		{1461F339-A938-4CE4-A51A-0C9C5743A941}.Release|Any CPU.ActiveCfg = Release|Any CPU
		{1461F339-A938-4CE4-A51A-0C9C5743A941}.Release|Any CPU.Build.0 = Release|Any CPU
		{20A68EFC-D8A5-4DD2-8E44-B85E0950E353}.Debug|Any CPU.ActiveCfg = Debug|Any CPU
		{20A68EFC-D8A5-4DD2-8E44-B85E0950E353}.Debug|Any CPU.Build.0 = Debug|Any CPU
		{20A68EFC-D8A5-4DD2-8E44-B85E0950E353}.Release|Any CPU.ActiveCfg = Release|Any CPU
		{20A68EFC-D8A5-4DD2-8E44-B85E0950E353}.Release|Any CPU.Build.0 = Release|Any CPU
		{7D359327-9225-4F30-AAFB-205B47319014}.Debug|Any CPU.ActiveCfg = Debug|Any CPU
		{7D359327-9225-4F30-AAFB-205B47319014}.Debug|Any CPU.Build.0 = Debug|Any CPU
		{7D359327-9225-4F30-AAFB-205B47319014}.Release|Any CPU.ActiveCfg = Release|Any CPU
		{7D359327-9225-4F30-AAFB-205B47319014}.Release|Any CPU.Build.0 = Release|Any CPU
		{86604F2E-537F-4D45-862D-ED5E75E6C493}.Debug|Any CPU.ActiveCfg = Debug|Any CPU
		{86604F2E-537F-4D45-862D-ED5E75E6C493}.Debug|Any CPU.Build.0 = Debug|Any CPU
		{86604F2E-537F-4D45-862D-ED5E75E6C493}.Release|Any CPU.ActiveCfg = Release|Any CPU
		{86604F2E-537F-4D45-862D-ED5E75E6C493}.Release|Any CPU.Build.0 = Release|Any CPU
		{1AFD05F9-05D1-4F54-90D3-986E231F887C}.Debug|Any CPU.ActiveCfg = Debug|Any CPU
		{1AFD05F9-05D1-4F54-90D3-986E231F887C}.Debug|Any CPU.Build.0 = Debug|Any CPU
		{1AFD05F9-05D1-4F54-90D3-986E231F887C}.Release|Any CPU.ActiveCfg = Release|Any CPU
		{1AFD05F9-05D1-4F54-90D3-986E231F887C}.Release|Any CPU.Build.0 = Release|Any CPU
		{1A7453AF-01F8-41A5-801A-99A50C8E7995}.Debug|Any CPU.ActiveCfg = Debug|Any CPU
		{1A7453AF-01F8-41A5-801A-99A50C8E7995}.Debug|Any CPU.Build.0 = Debug|Any CPU
		{1A7453AF-01F8-41A5-801A-99A50C8E7995}.Release|Any CPU.ActiveCfg = Release|Any CPU
		{1A7453AF-01F8-41A5-801A-99A50C8E7995}.Release|Any CPU.Build.0 = Release|Any CPU
		{BB378CA6-31E5-4EEA-B46F-22E38BF52970}.Debug|Any CPU.ActiveCfg = Debug|Any CPU
		{BB378CA6-31E5-4EEA-B46F-22E38BF52970}.Debug|Any CPU.Build.0 = Debug|Any CPU
		{BB378CA6-31E5-4EEA-B46F-22E38BF52970}.Release|Any CPU.ActiveCfg = Release|Any CPU
		{BB378CA6-31E5-4EEA-B46F-22E38BF52970}.Release|Any CPU.Build.0 = Release|Any CPU
	EndGlobalSection
	GlobalSection(SolutionProperties) = preSolution
		HideSolutionNode = FALSE
	EndGlobalSection
	GlobalSection(NestedProjects) = preSolution
		{6F1E993B-24C9-45DF-8823-65B01E574004} = {3987321F-72AF-4A2E-848F-8B702FB79A48}
		{A6EAAEEC-CED3-4E86-B5D1-9F59EF493210} = {3987321F-72AF-4A2E-848F-8B702FB79A48}
		{C93D64A0-52ED-40AA-A1C9-D7D1B70FEB48} = {3987321F-72AF-4A2E-848F-8B702FB79A48}
		{93EBDA3A-C751-4CA3-AFB1-9795D8D14445} = {3987321F-72AF-4A2E-848F-8B702FB79A48}
		{A59DC6A8-F7B1-4778-BA0E-7DC7D1E6DAAD} = {3987321F-72AF-4A2E-848F-8B702FB79A48}
		{FB70CF15-6E01-47AB-ABF5-96221611A1C1} = {289F77C5-2897-461F-A4A3-F48D0C2A0EE8}
		{9BD92A08-A4F6-453F-B8C7-E838F17FDC2B} = {289F77C5-2897-461F-A4A3-F48D0C2A0EE8}
		{4E78EE3B-5177-404F-9492-D094F152E7BE} = {289F77C5-2897-461F-A4A3-F48D0C2A0EE8}
		{7F302653-345F-4B39-9761-BD234E51F4A8} = {289F77C5-2897-461F-A4A3-F48D0C2A0EE8}
		{85FFC56D-47F0-48C9-8735-89DD62553D3B} = {289F77C5-2897-461F-A4A3-F48D0C2A0EE8}
		{192EC980-FB29-48D5-B97C-DB1B38E112C5} = {88BD715A-1542-43B8-B9B0-B4A95F0FABC1}
		{91C6CFD6-70E4-4B32-AE84-5944AC5449BE} = {88BD715A-1542-43B8-B9B0-B4A95F0FABC1}
		{1461F339-A938-4CE4-A51A-0C9C5743A941} = {88BD715A-1542-43B8-B9B0-B4A95F0FABC1}
		{20A68EFC-D8A5-4DD2-8E44-B85E0950E353} = {88BD715A-1542-43B8-B9B0-B4A95F0FABC1}
		{7D359327-9225-4F30-AAFB-205B47319014} = {62B6AB70-1717-4447-ACE9-22AE127C1C58}
		{86604F2E-537F-4D45-862D-ED5E75E6C493} = {62B6AB70-1717-4447-ACE9-22AE127C1C58}
		{1AFD05F9-05D1-4F54-90D3-986E231F887C} = {62B6AB70-1717-4447-ACE9-22AE127C1C58}
		{1A7453AF-01F8-41A5-801A-99A50C8E7995} = {62B6AB70-1717-4447-ACE9-22AE127C1C58}
		{BB378CA6-31E5-4EEA-B46F-22E38BF52970} = {D627E0C5-A1D0-4A5F-A2AD-D227873A0782}
	EndGlobalSection
	GlobalSection(ExtensibilityGlobals) = postSolution
		SolutionGuid = {4AE627E3-25E7-4D56-B472-EF7AB37BAC98}
	EndGlobalSection
EndGlobal
